<?xml version="1.0" encoding="UTF-8"?>
<Scheme
   LastUpgradeVersion = "0630"
   version = "1.3">
   <BuildAction
      parallelizeBuildables = "YES"
      buildImplicitDependencies = "YES">
      <BuildActionEntries>
         <BuildActionEntry
            buildForTesting = "YES"
            buildForRunning = "YES"
            buildForProfiling = "YES"
            buildForArchiving = "YES"
            buildForAnalyzing = "YES">
            <BuildableReference
               BuildableIdentifier = "primary"
               BlueprintIdentifier = "165DFFBD1AEF0A7A003B8B44"
               BuildableName = "ProjectFV.app"
               BlueprintName = "ProjectFV"
               ReferencedContainer = "container:ProjectFV.xcodeproj">
            </BuildableReference>
         </BuildActionEntry>
         <BuildActionEntry
            buildForTesting = "YES"
            buildForRunning = "YES"
            buildForProfiling = "NO"
            buildForArchiving = "NO"
            buildForAnalyzing = "YES">
            <BuildableReference
               BuildableIdentifier = "primary"
               BlueprintIdentifier = "165DFFCD1AEF0A7A003B8B44"
               BuildableName = "ProjectFVTests.xctest"
               BlueprintName = "ProjectFVTests"
               ReferencedContainer = "container:ProjectFV.xcodeproj">
            </BuildableReference>
         </BuildActionEntry>
         <BuildActionEntry
            buildForTesting = "YES"
            buildForRunning = "YES"
            buildForProfiling = "NO"
            buildForArchiving = "NO"
            buildForAnalyzing = "YES">
            <BuildableReference
               BuildableIdentifier = "primary"
               BlueprintIdentifier = "167D927B1AF44E7B00658E19"
               BuildableName = "DiagramElementsTests.xctest"
               BlueprintName = "DiagramElementsTests"
               ReferencedContainer = "container:ProjectFV.xcodeproj">
            </BuildableReference>
         </BuildActionEntry>
         <BuildActionEntry
            buildForTesting = "YES"
            buildForRunning = "YES"
            buildForProfiling = "NO"
            buildForArchiving = "NO"
            buildForAnalyzing = "YES">
            <BuildableReference
               BuildableIdentifier = "primary"
               BlueprintIdentifier = "167D92A41AF450C600658E19"
               BuildableName = "VppParserTests.xctest"
               BlueprintName = "VppParserTests"
               ReferencedContainer = "container:ProjectFV.xcodeproj">
            </BuildableReference>
         </BuildActionEntry>
         <BuildActionEntry
            buildForTesting = "YES"
            buildForRunning = "YES"
            buildForProfiling = "NO"
            buildForArchiving = "NO"
            buildForAnalyzing = "YES">
            <BuildableReference
               BuildableIdentifier = "primary"
               BlueprintIdentifier = "167D92CA1AF455BE00658E19"
               BuildableName = "VpProjectTests.xctest"
               BlueprintName = "VpProjectTests"
               ReferencedContainer = "container:ProjectFV.xcodeproj">
            </BuildableReference>
         </BuildActionEntry>
         <BuildActionEntry
            buildForTesting = "YES"
            buildForRunning = "YES"
            buildForProfiling = "NO"
            buildForArchiving = "NO"
            buildForAnalyzing = "YES">
            <BuildableReference
               BuildableIdentifier = "primary"
               BlueprintIdentifier = "1697DC6F1AFEDE910089E609"
               BuildableName = "ShapesTests.xctest"
               BlueprintName = "ShapesTests"
               ReferencedContainer = "container:ProjectFV.xcodeproj">
            </BuildableReference>
         </BuildActionEntry>
      </BuildActionEntries>
   </BuildAction>
   <TestAction
      selectedDebuggerIdentifier = "Xcode.DebuggerFoundation.Debugger.LLDB"
      selectedLauncherIdentifier = "Xcode.DebuggerFoundation.Launcher.LLDB"
      shouldUseLaunchSchemeArgsEnv = "YES"
      buildConfiguration = "Debug">
      <Testables>
         <TestableReference
            skipped = "NO">
            <BuildableReference
               BuildableIdentifier = "primary"
               BlueprintIdentifier = "165DFFCD1AEF0A7A003B8B44"
               BuildableName = "ProjectFVTests.xctest"
               BlueprintName = "ProjectFVTests"
               ReferencedContainer = "container:ProjectFV.xcodeproj">
            </BuildableReference>
         </TestableReference>
         <TestableReference
            skipped = "NO">
            <BuildableReference
               BuildableIdentifier = "primary"
               BlueprintIdentifier = "167D927B1AF44E7B00658E19"
               BuildableName = "DiagramElementsTests.xctest"
               BlueprintName = "DiagramElementsTests"
               ReferencedContainer = "container:ProjectFV.xcodeproj">
            </BuildableReference>
         </TestableReference>
         <TestableReference
            skipped = "NO">
            <BuildableReference
               BuildableIdentifier = "primary"
               BlueprintIdentifier = "167D92A41AF450C600658E19"
               BuildableName = "VppParserTests.xctest"
               BlueprintName = "VppParserTests"
               ReferencedContainer = "container:ProjectFV.xcodeproj">
            </BuildableReference>
         </TestableReference>
         <TestableReference
            skipped = "NO">
            <BuildableReference
               BuildableIdentifier = "primary"
               BlueprintIdentifier = "167D92CA1AF455BE00658E19"
               BuildableName = "VpProjectTests.xctest"
               BlueprintName = "VpProjectTests"
               ReferencedContainer = "container:ProjectFV.xcodeproj">
            </BuildableReference>
         </TestableReference>
         <TestableReference
            skipped = "NO">
            <BuildableReference
               BuildableIdentifier = "primary"
               BlueprintIdentifier = "1697DC6F1AFEDE910089E609"
               BuildableName = "ShapesTests.xctest"
               BlueprintName = "ShapesTests"
               ReferencedContainer = "container:ProjectFV.xcodeproj">
            </BuildableReference>
         </TestableReference>
      </Testables>
      <MacroExpansion>
         <BuildableReference
            BuildableIdentifier = "primary"
            BlueprintIdentifier = "165DFFBD1AEF0A7A003B8B44"
            BuildableName = "ProjectFV.app"
            BlueprintName = "ProjectFV"
            ReferencedContainer = "container:ProjectFV.xcodeproj">
         </BuildableReference>
      </MacroExpansion>
   </TestAction>
   <LaunchAction
      selectedDebuggerIdentifier = "Xcode.DebuggerFoundation.Debugger.LLDB"
      selectedLauncherIdentifier = "Xcode.DebuggerFoundation.Launcher.LLDB"
      launchStyle = "0"
      useCustomWorkingDirectory = "NO"
      buildConfiguration = "Debug"
      ignoresPersistentStateOnLaunch = "NO"
      debugDocumentVersioning = "YES"
      allowLocationSimulation = "YES">
      <BuildableProductRunnable
         runnableDebuggingMode = "0">
         <BuildableReference
            BuildableIdentifier = "primary"
            BlueprintIdentifier = "165DFFBD1AEF0A7A003B8B44"
            BuildableName = "ProjectFV.app"
            BlueprintName = "ProjectFV"
            ReferencedContainer = "container:ProjectFV.xcodeproj">
         </BuildableReference>
      </BuildableProductRunnable>
      <AdditionalOptions>
      </AdditionalOptions>
   </LaunchAction>
   <ProfileAction
      shouldUseLaunchSchemeArgsEnv = "YES"
      savedToolIdentifier = ""
      useCustomWorkingDirectory = "NO"
      buildConfiguration = "Release"
      debugDocumentVersioning = "YES">
      <BuildableProductRunnable
         runnableDebuggingMode = "0">
         <BuildableReference
            BuildableIdentifier = "primary"
            BlueprintIdentifier = "165DFFBD1AEF0A7A003B8B44"
            BuildableName = "ProjectFV.app"
            BlueprintName = "ProjectFV"
            ReferencedContainer = "container:ProjectFV.xcodeproj">
         </BuildableReference>
      </BuildableProductRunnable>
   </ProfileAction>
   <AnalyzeAction
      buildConfiguration = "Debug">
   </AnalyzeAction>
   <ArchiveAction
      buildConfiguration = "Release"
      revealArchiveInOrganizer = "YES">
   </ArchiveAction>
</Scheme>
